# THIS IS AN AUTOGENERATED FILE. DO NOT EDIT THIS FILE DIRECTLY.
# yarn lockfile v1


"@apollo/client@3.12.5":
  version "3.12.5"
  resolved "https://registry.yarnpkg.com/@apollo/client/-/client-3.12.5.tgz#adfe168b8b0f635ca55c950eaa982b5b8b97bf15"
  integrity sha512-lOE2TlHx1el4rHs8vaTE4IroyIO9/PD2w598YYiDahF0XSMDdsXMrTpOVh+FuQ6tZ+DXT+hsaMlilZqcFRgu+A==
  dependencies:
    "@graphql-typed-document-node/core" "^3.1.1"
    "@wry/caches" "^1.0.0"
    "@wry/equality" "^0.5.6"
    "@wry/trie" "^0.5.0"
    graphql-tag "^2.12.6"
    hoist-non-react-statics "^3.3.2"
    optimism "^0.18.0"
    prop-types "^15.7.2"
    rehackt "^0.1.0"
    response-iterator "^0.2.6"
    symbol-observable "^4.0.0"
    ts-invariant "^0.10.3"
    tslib "^2.3.0"
    zen-observable-ts "^1.2.5"

"@apollo/client@^3.14.0":
  version "3.14.0"
  resolved "https://registry.yarnpkg.com/@apollo/client/-/client-3.14.0.tgz#eda34b85ee03c6c0828ba21782419c8699feaf0b"
  integrity sha512-0YQKKRIxiMlIou+SekQqdCo0ZTHxOcES+K8vKB53cIDpwABNR0P0yRJPgsbgcj3zRJniD93S/ontsnZsCLZrxQ==
  dependencies:
    "@graphql-typed-document-node/core" "^3.1.1"
    "@wry/caches" "^1.0.0"
    "@wry/equality" "^0.5.6"
    "@wry/trie" "^0.5.0"
    graphql-tag "^2.12.6"
    hoist-non-react-statics "^3.3.2"
    optimism "^0.18.0"
    prop-types "^15.7.2"
    rehackt "^0.1.0"
    symbol-observable "^4.0.0"
    ts-invariant "^0.10.3"
    tslib "^2.3.0"
    zen-observable-ts "^1.2.5"

"react@18.2.0":
  version "18.2.0"
  resolved "https://registry.yarnpkg.com/react/-/react-18.2.0.tgz#555bd98592883255fa00de14f1151a917b5d77d5"
  integrity sha512-/3IjMdb2L9QbBdWiW5e3P2/npwMBaU9mHCSCUzNln0ZCYbcfTsGbTJrU/kGemdH2IWmB2ioZ+zkxtmq6g09fGQ==
  dependencies:
    loose-envify "^1.1.0"

"react@^18.0.0":
  version "18.3.1"
  resolved "https://registry.yarnpkg.com/react/-/react-18.3.1.tgz#49ab892009c53933625bd16b2533fc754cab2891"
  integrity sha512-wS+hAgJShR0KhEvPJArfuPVN1+Hz1t0Y6n5jLrGQbkb4urgPE/0Rve+1v4ET7NjKpfTVj+2iQ==
  dependencies:
    loose-envify "^1.1.0"