# THIS IS AN AUTOGENERATED FILE. DO NOT EDIT THIS FILE DIRECTLY.
# yarn lockfile v1


"pkg1@1.0.0", "pkg1@npm:1.0.0":
  version: "1.0.0"
  resolved: "https://registry.yarnpkg.com/pkg1/-/pkg1-1.0.0.tgz#hash1"
  integrity: sha1-hash1

"pkg2@^2.0.0", "pkg2@npm:2.0.0":
  version: "2.0.0"
  resolved: "https://registry.yarnpkg.com/pkg2/-/pkg2-2.0.0.tgz#hash2"
  integrity: sha1-hash2

"pkg3@~3.0.0", "pkg3@npm:3.0.0":
  version: "3.0.0"
  resolved: "https://registry.yarnpkg.com/pkg3/-/pkg3-3.0.0.tgz#hash3"
  integrity: sha1-hash3

"@scoped/pkg@4.0.0", "@scoped/pkg@npm:4.0.0":
  version: "4.0.0"
  resolved: "https://registry.yarnpkg.com/@scoped/pkg/-/pkg-4.0.0.tgz#hash4"
  integrity: sha1-hash4

"pkg-with-resolution@5.0.0", "pkg-with-resolution@npm:5.1.0":
  version: "5.1.0"
  resolution: "pkg-with-resolution@npm:5.1.0"
  resolved: "https://registry.yarnpkg.com/pkg-with-resolution/-/pkg-with-resolution-5.1.0.tgz#hash5"
  integrity: sha1-hash5