{
  "name": "package-audit",
  "version": "0.1.0",
  "lockfileVersion": 3,
  "requires": true,
  "packages": {
    "": {
      "name": "package-audit",
      "version": "0.1.0",
      "dependencies": {
        "deprecated": "^0.0.2",
        "js-tokens": "^8.0.0",
        "@scope/widget": "^1.0.0"
      },
      "devDependencies": {
        "semver": "^6.3.0"
      }
    },
    "node_modules/deprecated": {
      "version": "0.0.2",
      "resolved": "https://registry.npmjs.org/deprecated/-/deprecated-0.0.2.tgz",
      "integrity": "sha512-vt7tvBJtDu1pmn8HTUc/Q3lSkrgah4Tl5IbbBzqu33jcPQlihAGAO9yD4ubfhFh/xyXD+HbUX1Dg6PwnARWxag=="
    },
    "node_modules/js-tokens": {
      "version": "8.0.1",
      "resolved": "https://registry.npmjs.org/js-tokens/-/js-tokens-8.0.1.tgz",
      "integrity": "sha512-3AGrZT6tuMm1ZWWn9mLXh7XMfi2YtiLNPALCVxBCiUVq0LD1OQMxV/AdS/s7rLJU5o9i/jBZw/N4vXXL5dm29A=="
    },
    "node_modules/@scope/widget": {
      "version": "1.2.3",
      "resolved": "https://registry.npmjs.org/@scope/widget/-/widget-1.2.3.tgz",
      "integrity": "sha512-AAAA",
      "dependencies": {
        "semver": "^5.0.0"
      }
    },
    "node_modules/@scope/widget/node_modules/semver": {
      "version": "5.7.2",
      "resolved": "https://registry.npmjs.org/semver/-/semver-5.7.2.tgz",
      "integrity": "sha512-BBBB"
    },
    "node_modules/semver": {
      "version": "6.3.0",
      "resolved": "https://registry.npmjs.org/semver/-/semver-6.3.0.tgz",
      "integrity": "sha512-b39TBaTSfV6yBrapU89p5fKekE2m/NwnDocOVruQFS1/veMgdzuPcnOM34M6CwxW8jH/lxEa5rBoDeUwu5HHTw==",
      "dev": true
    },
    "packages/local-tool": {
      "name": "local-tool",
      "version": "0.0.0"
    },
    "node_modules/local-tool": {
      "resolved": "packages/local-tool",
      "link": true
    }
  }
}
